// !$*UTF8*$!
{
	archiveVersion = 1;
	classes = {
	};
	objectVersion = 50;
	objects = {

/* Begin PBXBuildFile section */
		F8594B2125C5A02900AB2183 /* AppDelegate.swift in Sources */ = {isa = PBXBuildFile; fileRef = F8594B2025C5A02900AB2183 /* AppDelegate.swift */; };
		F8594B2325C5A02900AB2183 /* SceneDelegate.swift in Sources */ = {isa = PBXBuildFile; fileRef = F8594B2225C5A02900AB2183 /* SceneDelegate.swift */; };
		F8594B2525C5A02900AB2183 /* SettingsViewController.swift in Sources */ = {isa = PBXBuildFile; fileRef = F8594B2425C5A02900AB2183 /* SettingsViewController.swift */; };
		F8594B2825C5A02900AB2183 /* Main.storyboard in Resources */ = {isa = PBXBuildFile; fileRef = F8594B2625C5A02900AB2183 /* Main.storyboard */; };
		F8594B2A25C5A02A00AB2183 /* Assets.xcassets in Resources */ = {isa = PBXBuildFile; fileRef = F8594B2925C5A02A00AB2183 /* Assets.xcassets */; };
		F8594B2D25C5A02A00AB2183 /* LaunchScreen.storyboard in Resources */ = {isa = PBXBuildFile; fileRef = F8594B2B25C5A02A00AB2183 /* LaunchScreen.storyboard */; };
		F8ED4FA625D926FE00A1C7E0 /* ColorViewController.swift in Sources */ = {isa = PBXBuildFile; fileRef = F8ED4FA525D926FE00A1C7E0 /* ColorViewController.swift */; };
/* End PBXBuildFile section */

/* Begin PBXFileReference section */
		F8594B1D25C5A02900AB2183 /* Color change.app */ = {isa = PBXFileReference; explicitFileType = wrapper.application; includeInIndex = 0; path = "Color change.app"; sourceTree = BUILT_PRODUCTS_DIR; };
		F8594B2025C5A02900AB2183 /* AppDelegate.swift */ = {isa = PBXFileReference; lastKnownFileType = sourcecode.swift; path = AppDelegate.swift; sourceTree = "<group>"; };
		F8594B2225C5A02900AB2183 /* SceneDelegate.swift */ = {isa = PBXFileReference; lastKnownFileType = sourcecode.swift; path = SceneDelegate.swift; sourceTree = "<group>"; };
		F8594B2425C5A02900AB2183 /* SettingsViewController.swift */ = {isa = PBXFileReference; lastKnownFileType = sourcecode.swift; path = SettingsViewController.swift; sourceTree = "<group>"; };
		F8594B2725C5A02900AB2183 /* Base */ = {isa = PBXFileReference; lastKnownFileType = file.storyboard; name = Base; path = Base.lproj/Main.storyboard; sourceTree = "<group>"; };
		F8594B2925C5A02A00AB2183 /* Assets.xcassets */ = {isa = PBXFileReference; lastKnownFileType = folder.assetcatalog; path = Assets.xcassets; sourceTree = "<group>"; };
		F8594B2C25C5A02A00AB2183 /* Base */ = {isa = PBXFileReference; lastKnownFileType = file.storyboard; name = Base; path = Base.lproj/LaunchScreen.storyboard; sourceTree = "<group>"; };
		F8594B2E25C5A02A00AB2183 /* Info.plist */ = {isa = PBXFileReference; lastKnownFileType = text.plist.xml; path = Info.plist; sourceTree = "<group>"; };
		F8ED4FA525D926FE00A1C7E0 /* ColorViewController.swift */ = {isa = PBXFileReference; lastKnownFileType = sourcecode.swift; path = ColorViewController.swift; sourceTree = "<group>"; };
/* End PBXFileReference section */

/* Begin PBXFrameworksBuildPhase section */
		F8594B1A25C5A02900AB2183 /* Frameworks */ = {
			isa = PBXFrameworksBuildPhase;
			buildActionMask = 2147483647;
			files = (
			);
			runOnlyForDeploymentPostprocessing = 0;
		};
/* End PBXFrameworksBuildPhase section */

/* Begin PBXGroup section */
		F8594B1425C5A02900AB2183 = {
			isa = PBXGroup;
			children = (
				F8594B1F25C5A02900AB2183 /* Color change */,
				F8594B1E25C5A02900AB2183 /* Products */,
			);
			sourceTree = "<group>";
		};
		F8594B1E25C5A02900AB2183 /* Products */ = {
			isa = PBXGroup;
			children = (
				F8594B1D25C5A02900AB2183 /* Color change.app */,
			);
			name = Products;
			sourceTree = "<group>";
		};
		F8594B1F25C5A02900AB2183 /* Color change */ = {
			isa = PBXGroup;
			children = (
				F8594B2025C5A02900AB2183 /* AppDelegate.swift */,
				F8594B2225C5A02900AB2183 /* SceneDelegate.swift */,
				F8594B2425C5A02900AB2183 /* SettingsViewController.swift */,
				F8594B2625C5A02900AB2183 /* Main.storyboard */,
				F8ED4FA525D926FE00A1C7E0 /* ColorViewController.swift */,
				F8594B2925C5A02A00AB2183 /* Assets.xcassets */,
				F8594B2B25C5A02A00AB2183 /* LaunchScreen.storyboard */,
				F8594B2E25C5A02A00AB2183 /* Info.plist */,
			);
			path = "Color change";
			sourceTree = "<group>";
		};
/* End PBXGroup section */

/* Begin PBXNativeTarget section */
		F8594B1C25C5A02900AB2183 /* Color change */ = {
			isa = PBXNativeTarget;
			buildConfigurationList = F8594B3125C5A02A00AB2183 /* Build configuration list for PBXNativeTarget "Color change" */;
			buildPhases = (
				F8594B1925C5A02900AB2183 /* Sources */,
				F8594B1A25C5A02900AB2183 /* Frameworks */,
				F8594B1B25C5A02900AB2183 /* Resources */,
			);
			buildRules = (
			);
			dependencies = (
			);
			name = "Color change";
			productName = "Color change";
			productReference = F8594B1D25C5A02900AB2183 /* Color change.app */;
			productType = "com.apple.product-type.application";
		};
/* End PBXNativeTarget section */

/* Begin PBXProject section */
		F8594B1525C5A02900AB2183 /* Project object */ = {
			isa = PBXProject;
			attributes = {
				LastSwiftUpdateCheck = 1230;
				LastUpgradeCheck = 1230;
				TargetAttributes = {
					F8594B1C25C5A02900AB2183 = {
						CreatedOnToolsVersion = 12.3;
					};
				};
			};
			buildConfigurationList = F8594B1825C5A02900AB2183 /* Build configuration list for PBXProject "Color change" */;
			compatibilityVersion = "Xcode 9.3";
			developmentRegion = en;
			hasScannedForEncodings = 0;
			knownRegions = (
				en,
				Base,
			);
			mainGroup = F8594B1425C5A02900AB2183;
			productRefGroup = F8594B1E25C5A02900AB2183 /* Products */;
			projectDirPath = "";
			projectRoot = "";
			targets = (
				F8594B1C25C5A02900AB2183 /* Color change */,
			);
		};
/* End PBXProject section */

/* Begin PBXResourcesBuildPhase section */
		F8594B1B25C5A02900AB2183 /* Resources */ = {
			isa = PBXResourcesBuildPhase;
			buildActionMask = 2147483647;
			files = (
				F8594B2D25C5A02A00AB2183 /* LaunchScreen.storyboard in Resources */,
				F8594B2A25C5A02A00AB2183 /* Assets.xcassets in Resources */,
				F8594B2825C5A02900AB2183 /* Main.storyboard in Resources */,
			);
			runOnlyForDeploymentPostprocessing = 0;
		};
/* End PBXResourcesBuildPhase section */

/* Begin PBXSourcesBuildPhase section */
		F8594B1925C5A02900AB2183 /* Sources */ = {
			isa = PBXSourcesBuildPhase;
			buildActionMask = 2147483647;
			files = (
				F8ED4FA625D926FE00A1C7E0 /* ColorViewController.swift in Sources */,
				F8594B2525C5A02900AB2183 /* SettingsViewController.swift in Sources */,
				F8594B2125C5A02900AB2183 /* AppDelegate.swift in Sources */,
				F8594B2325C5A02900AB2183 /* SceneDelegate.swift in Sources */,
			);
			runOnlyForDeploymentPostprocessing = 0;
		};
/* End PBXSourcesBuildPhase section */

/* Begin PBXVariantGroup section */
		F8594B2625C5A02900AB2183 /* Main.storyboard */ = {
			isa = PBXVariantGroup;
			children = (
				F8594B2725C5A02900AB2183 /* Base */,
			);
			name = Main.storyboard;
			sourceTree = "<group>";
		};
		F8594B2B25C5A02A00AB2183 /* LaunchScreen.storyboard */ = {
			isa = PBXVariantGroup;
			children = (
				F8594B2C25C5A02A00AB2183 /* Base */,
			);
			name = LaunchScreen.storyboard;
			sourceTree = "<group>";
		};
/* End PBXVariantGroup section */

/* Begin XCBuildConfiguration section */
		F8594B2F25C5A02A00AB2183 /* Debug */ = {
			isa = XCBuildConfiguration;
			buildSettings = {
				ALWAYS_SEARCH_USER_PATHS = NO;
				CLANG_ANALYZER_NONNULL = YES;
				CLANG_ANALYZER_NUMBER_OBJECT_CONVERSION = YES_AGGRESSIVE;
				CLANG_CXX_LANGUAGE_STANDARD = "gnu++14";
				CLANG_CXX_LIBRARY = "libc++";
				CLANG_ENABLE_MODULES = YES;
				CLANG_ENABLE_OBJC_ARC = YES;
				CLANG_ENABLE_OBJC_WEAK = YES;
				CLANG_WARN_BLOCK_CAPTURE_AUTORELEASING = YES;
				CLANG_WARN_BOOL_CONVERSION = YES;
				CLANG_WARN_COMMA = YES;
				CLANG_WARN_CONSTANT_CONVERSION = YES;
				CLANG_WARN_DEPRECATED_OBJC_IMPLEMENTATIONS = YES;
				CLANG_WARN_DIRECT_OBJC_ISA_USAGE = YES_ERROR;
				CLANG_WARN_DOCUMENTATION_COMMENTS = YES;
				CLANG_WARN_EMPTY_BODY = YES;
				CLANG_WARN_ENUM_CONVERSION = YES;
				CLANG_WARN_INFINITE_RECURSION = YES;
				CLANG_WARN_INT_CONVERSION = YES;
				CLANG_WARN_NON_LITERAL_NULL_CONVERSION = YES;
				CLANG_WARN_OBJC_IMPLICIT_RETAIN_SELF = YES;
				CLANG_WARN_OBJC_LITERAL_CONVERSION = YES;
				CLANG_WARN_OBJC_ROOT_CLASS = YES_ERROR;
				CLANG_WARN_QUOTED_INCLUDE_IN_FRAMEWORK_HEADER = YES;
				CLANG_WARN_RANGE_LOOP_ANALYSIS = YES;
				CLANG_WARN_STRICT_PROTOTYPES = YES;
				CLANG_WARN_SUSPICIOUS_MOVE = YES;
				CLANG_WARN_UNGUARDED_AVAILABILITY = YES_AGGRESSIVE;
				CLANG_WARN_UNREACHABLE_CODE = YES;
				CLANG_WARN__DUPLICATE_METHOD_MATCH = YES;
				COPY_PHASE_STRIP = NO;
				DEBUG_INFORMATION_FORMAT = dwarf;
				ENABLE_STRICT_OBJC_MSGSEND = YES;
				ENABLE_TESTABILITY = YES;
				GCC_C_LANGUAGE_STANDARD = gnu11;
				GCC_DYNAMIC_NO_PIC = NO;
				GCC_NO_COMMON_BLOCKS = YES;
				GCC_OPTIMIZATION_LEVEL = 0;
				GCC_PREPROCESSOR_DEFINITIONS = (
					"DEBUG=1",
					"$(inherited)",
				);
				GCC_WARN_64_TO_32_BIT_CONVERSION = YES;
				GCC_WARN_ABOUT_RETURN_TYPE = YES_ERROR;
				GCC_WARN_UNDECLARED_SELECTOR = YES;
				GCC_WARN_UNINITIALIZED_AUTOS = YES_AGGRESSIVE;
				GCC_WARN_UNUSED_FUNCTION = YES;
				GCC_WARN_UNUSED_VARIABLE = YES;
				IPHONEOS_DEPLOYMENT_TARGET = 14.3;
				MTL_ENABLE_DEBUG_INFO = INCLUDE_SOURCE;
				MTL_FAST_MATH = YES;
				ONLY_ACTIVE_ARCH = YES;
				SDKROOT = iphoneos;
				SWIFT_ACTIVE_COMPILATION_CONDITIONS = DEBUG;
				SWIFT_OPTIMIZATION_LEVEL = "-Onone";
			};
			name = Debug;
		};
		F8594B3025C5A02A00AB2183 /* Release */ = {
			isa = XCBuildConfiguration;
			buildSettings = {
				ALWAYS_SEARCH_USER_PATHS = NO;
				CLANG_ANALYZER_NONNULL = YES;
				CLANG_ANALYZER_NUMBER_OBJECT_CONVERSION = YES_AGGRESSIVE;
				CLANG_CXX_LANGUAGE_STANDARD = "gnu++14";
				CLANG_CXX_LIBRARY = "libc++";
				CLANG_ENABLE_MODULES = YES;
				CLANG_ENABLE_OBJC_ARC = YES;
				CLANG_ENABLE_OBJC_WEAK = YES;
				CLANG_WARN_BLOCK_CAPTURE_AUTORELEASING = YES;
				CLANG_WARN_BOOL_CONVERSION = YES;
				CLANG_WARN_COMMA = YES;
				CLANG_WARN_CONSTANT_CONVERSION = YES;
				CLANG_WARN_DEPRECATED_OBJC_IMPLEMENTATIONS = YES;
				CLANG_WARN_DIRECT_OBJC_ISA_USAGE = YES_ERROR;
				CLANG_WARN_DOCUMENTATION_COMMENTS = YES;
				CLANG_WARN_EMPTY_BODY = YES;
				CLANG_WARN_ENUM_CONVERSION = YES;
				CLANG_WARN_INFINITE_RECURSION = YES;
				CLANG_WARN_INT_CONVERSION = YES;
				CLANG_WARN_NON_LITERAL_NULL_CONVERSION = YES;
				CLANG_WARN_OBJC_IMPLICIT_RETAIN_SELF = YES;
				CLANG_WARN_OBJC_LITERAL_CONVERSION = YES;
				CLANG_WARN_OBJC_ROOT_CLASS = YES_ERROR;
				CLANG_WARN_QUOTED_INCLUDE_IN_FRAMEWORK_HEADER = YES;
				CLANG_WARN_RANGE_LOOP_ANALYSIS = YES;
				CLANG_WARN_STRICT_PROTOTYPES = YES;
				CLANG_WARN_SUSPICIOUS_MOVE = YES;
				CLANG_WARN_UNGUARDED_AVAILABILITY = YES_AGGRESSIVE;
				CLANG_WARN_UNREACHABLE_CODE = YES;
				CLANG_WARN__DUPLICATE_METHOD_MATCH = YES;
				COPY_PHASE_STRIP = NO;
				DEBUG_INFORMATION_FORMAT = "dwarf-with-dsym";
				ENABLE_NS_ASSERTIONS = NO;
				ENABLE_STRICT_OBJC_MSGSEND = YES;
				GCC_C_LANGUAGE_STANDARD = gnu11;
				GCC_NO_COMMON_BLOCKS = YES;
				GCC_WARN_64_TO_32_BIT_CONVERSION = YES;
				GCC_WARN_ABOUT_RETURN_TYPE = YES_ERROR;
				GCC_WARN_UNDECLARED_SELECTOR = YES;
				GCC_WARN_UNINITIALIZED_AUTOS = YES_AGGRESSIVE;
				GCC_WARN_UNUSED_FUNCTION = YES;
				GCC_WARN_UNUSED_VARIABLE = YES;
				IPHONEOS_DEPLOYMENT_TARGET = 14.3;
				MTL_ENABLE_DEBUG_INFO = NO;
				MTL_FAST_MATH = YES;
				SDKROOT = iphoneos;
				SWIFT_COMPILATION_MODE = wholemodule;
				SWIFT_OPTIMIZATION_LEVEL = "-O";
				VALIDATE_PRODUCT = YES;
			};
			name = Release;
		};
		F8594B3225C5A02A00AB2183 /* Debug */ = {
			isa = XCBuildConfiguration;
			buildSettings = {
				ASSETCATALOG_COMPILER_GLOBAL_ACCENT_COLOR_NAME = AccentColor;
				CODE_SIGN_STYLE = Automatic;
				DEVELOPMENT_TEAM = 69V683996A;
				INFOPLIST_FILE = "Color change/Info.plist";
				IPHONEOS_DEPLOYMENT_TARGET = 14.0;
				LD_RUNPATH_SEARCH_PATHS = (
					"$(inherited)",
					"@executable_path/Frameworks",
				);
				PRODUCT_BUNDLE_IDENTIFIER = "My.Color-change";
				PRODUCT_NAME = "$(TARGET_NAME)";
				SWIFT_VERSION = 5.0;
				TARGETED_DEVICE_FAMILY = "1,2";
			};
			name = Debug;
		};
		F8594B3325C5A02A00AB2183 /* Release */ = {
			isa = XCBuildConfiguration;
			buildSettings = {
				ASSETCATALOG_COMPILER_GLOBAL_ACCENT_COLOR_NAME = AccentColor;
				CODE_SIGN_STYLE = Automatic;
				DEVELOPMENT_TEAM = 69V683996A;
				INFOPLIST_FILE = "Color change/Info.plist";
				IPHONEOS_DEPLOYMENT_TARGET = 14.0;
				LD_RUNPATH_SEARCH_PATHS = (
					"$(inherited)",
					"@executable_path/Frameworks",
				);
				PRODUCT_BUNDLE_IDENTIFIER = "My.Color-change";
				PRODUCT_NAME = "$(TARGET_NAME)";
				SWIFT_VERSION = 5.0;
				TARGETED_DEVICE_FAMILY = "1,2";
			};
			name = Release;
		};
/* End XCBuildConfiguration section */

/* Begin XCConfigurationList section */
		F8594B1825C5A02900AB2183 /* Build configuration list for PBXProject "Color change" */ = {
			isa = XCConfigurationList;
			buildConfigurations = (
				F8594B2F25C5A02A00AB2183 /* Debug */,
				F8594B3025C5A02A00AB2183 /* Release */,
			);
			defaultConfigurationIsVisible = 0;
			defaultConfigurationName = Release;
		};
		F8594B3125C5A02A00AB2183 /* Build configuration list for PBXNativeTarget "Color change" */ = {
			isa = XCConfigurationList;
			buildConfigurations = (
				F8594B3225C5A02A00AB2183 /* Debug */,
				F8594B3325C5A02A00AB2183 /* Release */,
			);
			defaultConfigurationIsVisible = 0;
			defaultConfigurationName = Release;
		};
/* End XCConfigurationList section */
	};
	rootObject = F8594B1525C5A02900AB2183 /* Project object */;
}
